{
  "name": "numenide",
  "version": "1.0.0",
  "lockfileVersion": 3,
  "requires": true,
  "packages": {
    "": {
      "name": "numenide",
      "version": "1.0.0",
      "license": "ISC",
      "dependencies": {
        "ludash": "^0.1.0-pre"
      }
    },
    "node_modules/ludash": {
      "version": "0.1.0-pre",
      "resolved": "https://registry.npmjs.org/ludash/-/ludash-0.1.0-pre.tgz",
      "integrity": "sha512-stjctlc6imrc5Cbqaz8amGJaoVcJhPkCZzIYCy7ZbjYwImaaHLJz1QNwMk53cRKbvZZyAWdkt0u8dWhe03q42Q=="
    }
  }
}
